{
  "requires": true,
  "lockfileVersion": 1,
  "dependencies": {
    "ngx-quill": {
      "version": "12.0.1",
      "resolved": "https://registry.npmjs.org/ngx-quill/-/ngx-quill-12.0.1.tgz",
      "integrity": "sha512-XSyj1ABpfdoIsRguV4vCemOUU0VnDeISBtF6O6XU11AUYSSP1Eh58x0ct2SEJuNIW/qruEGexQvLAYHkuA6+Xw==",
      "requires": {
        "tslib": "^2.0.0"
      }
    },
    "tslib": {
      "version": "2.0.1",
      "resolved": "https://registry.npmjs.org/tslib/-/tslib-2.0.1.tgz",
      "integrity": "sha512-SgIkNheinmEBgx1IUNirK0TUD4X9yjjBRTqqjggWCU3pUEqIk3/Uwl3yRixYKT6WjQuGiwDv4NomL3wqRCj+CQ=="
    }
  }
}
